
Microsoft Visual Studio Solution File, Format Version 12.00
# Visual Studio 14
VisualStudioVersion = 14.0.23107.0
MinimumVisualStudioVersion = 10.0.40219.1
Project("{FAE04EC0-301F-11D3-BF4B-00C04F79EFBC}") = "TDR.TCPLibrary", "TDR.TCPLibrary\TDR.TCPLibrary.csproj", "{F4247529-5A88-4477-B03A-3B10A111476A}"
EndProject
Project("{FAE04EC0-301F-11D3-BF4B-00C04F79EFBC}") = "TDR.TCPDataBaseManagement", "TDR.TCPDataBaseManagement\TDR.TCPDataBaseManagement.csproj", "{1A8E92C3-AC29-45C1-8ED5-396906BCA49B}"
EndProject
Project("{2150E333-8FDC-42A3-9474-1A3956D46DE8}") = "Testing", "Testing", "{7B8A08E1-CEE8-4CED-816B-3420A033A086}"
EndProject
Project("{FAE04EC0-301F-11D3-BF4B-00C04F79EFBC}") = "TDR.ChatLibrary", "TDR.ChatLibrary\TDR.ChatLibrary.csproj", "{56263E98-32A0-4C2D-8F65-1D1BACF64212}"
EndProject
Project("{2150E333-8FDC-42A3-9474-1A3956D46DE8}") = "Utilis", "Utilis", "{0E3844DA-2C8B-433A-84B3-745E61AEE10C}"
EndProject
Project("{FAE04EC0-301F-11D3-BF4B-00C04F79EFBC}") = "TDR.TCPClient", "Testing\TDR.TCPClient\TDR.TCPClient.csproj", "{D85B4006-6467-4F3F-B92A-DF01F8D6969E}"
EndProject
Project("{FAE04EC0-301F-11D3-BF4B-00C04F79EFBC}") = "TDR.TCPServer", "Testing\TDR.TCPServer\TDR.TCPServer.csproj", "{544E3CF5-852F-4596-9323-E0BFC8C6FEEA}"
EndProject
Project("{FAE04EC0-301F-11D3-BF4B-00C04F79EFBC}") = "TDR.Logging", "Utilis\TDR.Logger\TDR.Logging.csproj", "{ED52AC80-5F1B-4585-BEF1-1C0A98052E68}"
EndProject
Project("{FAE04EC0-301F-11D3-BF4B-00C04F79EFBC}") = "UtilisAndExtensionsLibrary", "Utilis\UtilisAndExtensionsLibrary\UtilisAndExtensionsLibrary.csproj", "{75F65761-D08A-4E3F-8E72-CC6056778DAA}"
EndProject
Global
	GlobalSection(SolutionConfigurationPlatforms) = preSolution
		Debug|Any CPU = Debug|Any CPU
		Release|Any CPU = Release|Any CPU
		ToTDRsMe|Any CPU = ToTDRsMe|Any CPU
	EndGlobalSection
	GlobalSection(ProjectConfigurationPlatforms) = postSolution
		{F4247529-5A88-4477-B03A-3B10A111476A}.Debug|Any CPU.ActiveCfg = Debug|Any CPU
		{F4247529-5A88-4477-B03A-3B10A111476A}.Debug|Any CPU.Build.0 = Debug|Any CPU
		{F4247529-5A88-4477-B03A-3B10A111476A}.Release|Any CPU.ActiveCfg = Release|Any CPU
		{F4247529-5A88-4477-B03A-3B10A111476A}.Release|Any CPU.Build.0 = Release|Any CPU
		{F4247529-5A88-4477-B03A-3B10A111476A}.ToTDRsMe|Any CPU.ActiveCfg = ToTDRsMe|Any CPU
		{F4247529-5A88-4477-B03A-3B10A111476A}.ToTDRsMe|Any CPU.Build.0 = ToTDRsMe|Any CPU
		{1A8E92C3-AC29-45C1-8ED5-396906BCA49B}.Debug|Any CPU.ActiveCfg = Debug|Any CPU
		{1A8E92C3-AC29-45C1-8ED5-396906BCA49B}.Debug|Any CPU.Build.0 = Debug|Any CPU
		{1A8E92C3-AC29-45C1-8ED5-396906BCA49B}.Release|Any CPU.ActiveCfg = Release|Any CPU
		{1A8E92C3-AC29-45C1-8ED5-396906BCA49B}.Release|Any CPU.Build.0 = Release|Any CPU
		{1A8E92C3-AC29-45C1-8ED5-396906BCA49B}.ToTDRsMe|Any CPU.ActiveCfg = ToTDRsMe|Any CPU
		{1A8E92C3-AC29-45C1-8ED5-396906BCA49B}.ToTDRsMe|Any CPU.Build.0 = ToTDRsMe|Any CPU
		{56263E98-32A0-4C2D-8F65-1D1BACF64212}.Debug|Any CPU.ActiveCfg = Debug|Any CPU
		{56263E98-32A0-4C2D-8F65-1D1BACF64212}.Debug|Any CPU.Build.0 = Debug|Any CPU
		{56263E98-32A0-4C2D-8F65-1D1BACF64212}.Release|Any CPU.ActiveCfg = Release|Any CPU
		{56263E98-32A0-4C2D-8F65-1D1BACF64212}.Release|Any CPU.Build.0 = Release|Any CPU
		{56263E98-32A0-4C2D-8F65-1D1BACF64212}.ToTDRsMe|Any CPU.ActiveCfg = ToTDRsMe|Any CPU
		{56263E98-32A0-4C2D-8F65-1D1BACF64212}.ToTDRsMe|Any CPU.Build.0 = ToTDRsMe|Any CPU
		{D85B4006-6467-4F3F-B92A-DF01F8D6969E}.Debug|Any CPU.ActiveCfg = Debug|Any CPU
		{D85B4006-6467-4F3F-B92A-DF01F8D6969E}.Debug|Any CPU.Build.0 = Debug|Any CPU
		{D85B4006-6467-4F3F-B92A-DF01F8D6969E}.Release|Any CPU.ActiveCfg = Release|Any CPU
		{D85B4006-6467-4F3F-B92A-DF01F8D6969E}.Release|Any CPU.Build.0 = Release|Any CPU
		{D85B4006-6467-4F3F-B92A-DF01F8D6969E}.ToTDRsMe|Any CPU.ActiveCfg = ToTDRsMe|Any CPU
		{D85B4006-6467-4F3F-B92A-DF01F8D6969E}.ToTDRsMe|Any CPU.Build.0 = ToTDRsMe|Any CPU
		{544E3CF5-852F-4596-9323-E0BFC8C6FEEA}.Debug|Any CPU.ActiveCfg = Debug|Any CPU
		{544E3CF5-852F-4596-9323-E0BFC8C6FEEA}.Debug|Any CPU.Build.0 = Debug|Any CPU
		{544E3CF5-852F-4596-9323-E0BFC8C6FEEA}.Release|Any CPU.ActiveCfg = Release|Any CPU
		{544E3CF5-852F-4596-9323-E0BFC8C6FEEA}.Release|Any CPU.Build.0 = Release|Any CPU
		{544E3CF5-852F-4596-9323-E0BFC8C6FEEA}.Release|Any CPU.Deploy.0 = Release|Any CPU
		{544E3CF5-852F-4596-9323-E0BFC8C6FEEA}.ToTDRsMe|Any CPU.ActiveCfg = ToTDRsMe|Any CPU
		{544E3CF5-852F-4596-9323-E0BFC8C6FEEA}.ToTDRsMe|Any CPU.Build.0 = ToTDRsMe|Any CPU
		{ED52AC80-5F1B-4585-BEF1-1C0A98052E68}.Debug|Any CPU.ActiveCfg = Debug|Any CPU
		{ED52AC80-5F1B-4585-BEF1-1C0A98052E68}.Debug|Any CPU.Build.0 = Debug|Any CPU
		{ED52AC80-5F1B-4585-BEF1-1C0A98052E68}.Release|Any CPU.ActiveCfg = Release|Any CPU
		{ED52AC80-5F1B-4585-BEF1-1C0A98052E68}.Release|Any CPU.Build.0 = Release|Any CPU
		{ED52AC80-5F1B-4585-BEF1-1C0A98052E68}.ToTDRsMe|Any CPU.ActiveCfg = ToTDRsMe|Any CPU
		{ED52AC80-5F1B-4585-BEF1-1C0A98052E68}.ToTDRsMe|Any CPU.Build.0 = ToTDRsMe|Any CPU
		{75F65761-D08A-4E3F-8E72-CC6056778DAA}.Debug|Any CPU.ActiveCfg = Debug|Any CPU
		{75F65761-D08A-4E3F-8E72-CC6056778DAA}.Debug|Any CPU.Build.0 = Debug|Any CPU
		{75F65761-D08A-4E3F-8E72-CC6056778DAA}.Release|Any CPU.ActiveCfg = Release|Any CPU
		{75F65761-D08A-4E3F-8E72-CC6056778DAA}.Release|Any CPU.Build.0 = Release|Any CPU
		{75F65761-D08A-4E3F-8E72-CC6056778DAA}.ToTDRsMe|Any CPU.ActiveCfg = ToTDRsMe|Any CPU
		{75F65761-D08A-4E3F-8E72-CC6056778DAA}.ToTDRsMe|Any CPU.Build.0 = ToTDRsMe|Any CPU
	EndGlobalSection
	GlobalSection(SolutionProperties) = preSolution
		HideSolutionNode = FALSE
	EndGlobalSection
	GlobalSection(NestedProjects) = preSolution
		{D85B4006-6467-4F3F-B92A-DF01F8D6969E} = {7B8A08E1-CEE8-4CED-816B-3420A033A086}
		{544E3CF5-852F-4596-9323-E0BFC8C6FEEA} = {7B8A08E1-CEE8-4CED-816B-3420A033A086}
		{ED52AC80-5F1B-4585-BEF1-1C0A98052E68} = {0E3844DA-2C8B-433A-84B3-745E61AEE10C}
		{75F65761-D08A-4E3F-8E72-CC6056778DAA} = {0E3844DA-2C8B-433A-84B3-745E61AEE10C}
	EndGlobalSection
EndGlobal
