
Microsoft Visual Studio Solution File, Format Version 12.00
# Visual Studio 14
VisualStudioVersion = 14.0.25123.0
MinimumVisualStudioVersion = 10.0.40219.1
Project("{FAE04EC0-301F-11D3-BF4B-00C04F79EFBC}") = "Laptop", "Laptop\Laptop.csproj", "{AB0A7D13-1B18-4C30-A3A9-C2E64E759F19}"
EndProject
Project("{FAE04EC0-301F-11D3-BF4B-00C04F79EFBC}") = "KinectFusionExplorer-WPF", "KinectProjects\KinectFusionExplorer-WPF\KinectFusionExplorer-WPF.csproj", "{DA2823B5-7BD6-4C8F-9B08-7FABD49B7012}"
EndProject
Project("{FAE04EC0-301F-11D3-BF4B-00C04F79EFBC}") = "Microsoft.Kinect.Toolkit", "KinectProjects\Microsoft.Kinect.Toolkit\Microsoft.Kinect.Toolkit.csproj", "{C6F9C31B-6130-4443-A5CC-EF0664552ECD}"
EndProject
Project("{FAE04EC0-301F-11D3-BF4B-00C04F79EFBC}") = "Microsoft.Kinect.Toolkit.Fusion", "KinectProjects\Microsoft.Kinect.Toolkit.Fusion\Microsoft.Kinect.Toolkit.Fusion.csproj", "{58851747-F078-44E1-94B0-99EF065B3319}"
EndProject
Project("{2150E333-8FDC-42A3-9474-1A3956D46DE8}") = "KinectProjects", "KinectProjects", "{726FFBC1-0E6B-48C4-9E0D-503829F99155}"
EndProject
Project("{FAE04EC0-301F-11D3-BF4B-00C04F79EFBC}") = "KinectLibrary", "KinectLibrary\KinectLibrary.csproj", "{0BFDDE43-B3D3-4C11-999A-A4EBAF5AE4BB}"
EndProject
Global
	GlobalSection(SolutionConfigurationPlatforms) = preSolution
		Debug|Any CPU = Debug|Any CPU
		Release|Any CPU = Release|Any CPU
	EndGlobalSection
	GlobalSection(ProjectConfigurationPlatforms) = postSolution
		{AB0A7D13-1B18-4C30-A3A9-C2E64E759F19}.Debug|Any CPU.ActiveCfg = Debug|Any CPU
		{AB0A7D13-1B18-4C30-A3A9-C2E64E759F19}.Debug|Any CPU.Build.0 = Debug|Any CPU
		{AB0A7D13-1B18-4C30-A3A9-C2E64E759F19}.Release|Any CPU.ActiveCfg = Release|Any CPU
		{AB0A7D13-1B18-4C30-A3A9-C2E64E759F19}.Release|Any CPU.Build.0 = Release|Any CPU
		{DA2823B5-7BD6-4C8F-9B08-7FABD49B7012}.Debug|Any CPU.ActiveCfg = Debug|Any CPU
		{DA2823B5-7BD6-4C8F-9B08-7FABD49B7012}.Debug|Any CPU.Build.0 = Debug|Any CPU
		{DA2823B5-7BD6-4C8F-9B08-7FABD49B7012}.Release|Any CPU.ActiveCfg = Release|Any CPU
		{DA2823B5-7BD6-4C8F-9B08-7FABD49B7012}.Release|Any CPU.Build.0 = Release|Any CPU
		{C6F9C31B-6130-4443-A5CC-EF0664552ECD}.Debug|Any CPU.ActiveCfg = Debug|Any CPU
		{C6F9C31B-6130-4443-A5CC-EF0664552ECD}.Debug|Any CPU.Build.0 = Debug|Any CPU
		{C6F9C31B-6130-4443-A5CC-EF0664552ECD}.Release|Any CPU.ActiveCfg = Release|Any CPU
		{C6F9C31B-6130-4443-A5CC-EF0664552ECD}.Release|Any CPU.Build.0 = Release|Any CPU
		{58851747-F078-44E1-94B0-99EF065B3319}.Debug|Any CPU.ActiveCfg = Debug|Any CPU
		{58851747-F078-44E1-94B0-99EF065B3319}.Debug|Any CPU.Build.0 = Debug|Any CPU
		{58851747-F078-44E1-94B0-99EF065B3319}.Release|Any CPU.ActiveCfg = Release|Any CPU
		{58851747-F078-44E1-94B0-99EF065B3319}.Release|Any CPU.Build.0 = Release|Any CPU
		{0BFDDE43-B3D3-4C11-999A-A4EBAF5AE4BB}.Debug|Any CPU.ActiveCfg = Debug|Any CPU
		{0BFDDE43-B3D3-4C11-999A-A4EBAF5AE4BB}.Debug|Any CPU.Build.0 = Debug|Any CPU
		{0BFDDE43-B3D3-4C11-999A-A4EBAF5AE4BB}.Release|Any CPU.ActiveCfg = Release|Any CPU
		{0BFDDE43-B3D3-4C11-999A-A4EBAF5AE4BB}.Release|Any CPU.Build.0 = Release|Any CPU
	EndGlobalSection
	GlobalSection(SolutionProperties) = preSolution
		HideSolutionNode = FALSE
	EndGlobalSection
	GlobalSection(NestedProjects) = preSolution
		{DA2823B5-7BD6-4C8F-9B08-7FABD49B7012} = {726FFBC1-0E6B-48C4-9E0D-503829F99155}
		{C6F9C31B-6130-4443-A5CC-EF0664552ECD} = {726FFBC1-0E6B-48C4-9E0D-503829F99155}
		{58851747-F078-44E1-94B0-99EF065B3319} = {726FFBC1-0E6B-48C4-9E0D-503829F99155}
		{0BFDDE43-B3D3-4C11-999A-A4EBAF5AE4BB} = {726FFBC1-0E6B-48C4-9E0D-503829F99155}
	EndGlobalSection
EndGlobal
