
Microsoft Visual Studio Solution File, Format Version 12.00
# Visual Studio 14
VisualStudioVersion = 14.0.24720.0
MinimumVisualStudioVersion = 10.0.40219.1
Project("{FAE04EC0-301F-11D3-BF4B-00C04F79EFBC}") = "RaspberryPiDotNet", "RaspberryPiDotNet\RaspberryPiDotNet.csproj", "{FC84D8A0-B578-4663-9BDA-D946513E2801}"
EndProject
Project("{FAE04EC0-301F-11D3-BF4B-00C04F79EFBC}") = "TDR.ChatLibrary", "TDR.TCP\TDR.ChatLibrary\TDR.ChatLibrary.csproj", "{56263E98-32A0-4C2D-8F65-1D1BACF64212}"
EndProject
Project("{FAE04EC0-301F-11D3-BF4B-00C04F79EFBC}") = "TDR.TCPDataBaseManagement", "TDR.TCP\TDR.TCPDataBaseManagement\TDR.TCPDataBaseManagement.csproj", "{1A8E92C3-AC29-45C1-8ED5-396906BCA49B}"
EndProject
Project("{FAE04EC0-301F-11D3-BF4B-00C04F79EFBC}") = "TDR.Logging", "TDR.TCP\Utilis\TDR.Logger\TDR.Logging.csproj", "{ED52AC80-5F1B-4585-BEF1-1C0A98052E68}"
EndProject
Project("{FAE04EC0-301F-11D3-BF4B-00C04F79EFBC}") = "TDR.TCPLibrary", "TDR.TCP\TDR.TCPLibrary\TDR.TCPLibrary.csproj", "{F4247529-5A88-4477-B03A-3B10A111476A}"
EndProject
Project("{FAE04EC0-301F-11D3-BF4B-00C04F79EFBC}") = "UtilisAndExtensionsLibrary", "TDR.TCP\Utilis\UtilisAndExtensionsLibrary\UtilisAndExtensionsLibrary.csproj", "{75F65761-D08A-4E3F-8E72-CC6056778DAA}"
EndProject
Project("{FAE04EC0-301F-11D3-BF4B-00C04F79EFBC}") = "3DScannerProgram", "3DScannerProgram\3DScannerProgram.csproj", "{31C8C0D4-0DA1-48F3-AA55-4BB6E5CB2A1F}"
EndProject
Global
	GlobalSection(SolutionConfigurationPlatforms) = preSolution
		Debug|Any CPU = Debug|Any CPU
		Debug|x86 = Debug|x86
		Release|Any CPU = Release|Any CPU
		Release|x86 = Release|x86
		ToTDRsMe|Any CPU = ToTDRsMe|Any CPU
		ToTDRsMe|x86 = ToTDRsMe|x86
	EndGlobalSection
	GlobalSection(ProjectConfigurationPlatforms) = postSolution
		{FC84D8A0-B578-4663-9BDA-D946513E2801}.Debug|Any CPU.ActiveCfg = Debug|Any CPU
		{FC84D8A0-B578-4663-9BDA-D946513E2801}.Debug|Any CPU.Build.0 = Debug|Any CPU
		{FC84D8A0-B578-4663-9BDA-D946513E2801}.Debug|x86.ActiveCfg = Debug|Any CPU
		{FC84D8A0-B578-4663-9BDA-D946513E2801}.Debug|x86.Build.0 = Debug|Any CPU
		{FC84D8A0-B578-4663-9BDA-D946513E2801}.Release|Any CPU.ActiveCfg = Release|Any CPU
		{FC84D8A0-B578-4663-9BDA-D946513E2801}.Release|Any CPU.Build.0 = Release|Any CPU
		{FC84D8A0-B578-4663-9BDA-D946513E2801}.Release|x86.ActiveCfg = Release|Any CPU
		{FC84D8A0-B578-4663-9BDA-D946513E2801}.Release|x86.Build.0 = Release|Any CPU
		{FC84D8A0-B578-4663-9BDA-D946513E2801}.ToTDRsMe|Any CPU.ActiveCfg = Debug|Any CPU
		{FC84D8A0-B578-4663-9BDA-D946513E2801}.ToTDRsMe|Any CPU.Build.0 = Debug|Any CPU
		{FC84D8A0-B578-4663-9BDA-D946513E2801}.ToTDRsMe|x86.ActiveCfg = Release|Any CPU
		{FC84D8A0-B578-4663-9BDA-D946513E2801}.ToTDRsMe|x86.Build.0 = Release|Any CPU
		{56263E98-32A0-4C2D-8F65-1D1BACF64212}.Debug|Any CPU.ActiveCfg = Debug|Any CPU
		{56263E98-32A0-4C2D-8F65-1D1BACF64212}.Debug|Any CPU.Build.0 = Debug|Any CPU
		{56263E98-32A0-4C2D-8F65-1D1BACF64212}.Debug|x86.ActiveCfg = Debug|Any CPU
		{56263E98-32A0-4C2D-8F65-1D1BACF64212}.Debug|x86.Build.0 = Debug|Any CPU
		{56263E98-32A0-4C2D-8F65-1D1BACF64212}.Release|Any CPU.ActiveCfg = Release|Any CPU
		{56263E98-32A0-4C2D-8F65-1D1BACF64212}.Release|Any CPU.Build.0 = Release|Any CPU
		{56263E98-32A0-4C2D-8F65-1D1BACF64212}.Release|x86.ActiveCfg = Release|Any CPU
		{56263E98-32A0-4C2D-8F65-1D1BACF64212}.Release|x86.Build.0 = Release|Any CPU
		{56263E98-32A0-4C2D-8F65-1D1BACF64212}.ToTDRsMe|Any CPU.ActiveCfg = ToTDRsMe|Any CPU
		{56263E98-32A0-4C2D-8F65-1D1BACF64212}.ToTDRsMe|Any CPU.Build.0 = ToTDRsMe|Any CPU
		{56263E98-32A0-4C2D-8F65-1D1BACF64212}.ToTDRsMe|x86.ActiveCfg = ToTDRsMe|Any CPU
		{56263E98-32A0-4C2D-8F65-1D1BACF64212}.ToTDRsMe|x86.Build.0 = ToTDRsMe|Any CPU
		{1A8E92C3-AC29-45C1-8ED5-396906BCA49B}.Debug|Any CPU.ActiveCfg = Debug|Any CPU
		{1A8E92C3-AC29-45C1-8ED5-396906BCA49B}.Debug|Any CPU.Build.0 = Debug|Any CPU
		{1A8E92C3-AC29-45C1-8ED5-396906BCA49B}.Debug|x86.ActiveCfg = Debug|Any CPU
		{1A8E92C3-AC29-45C1-8ED5-396906BCA49B}.Debug|x86.Build.0 = Debug|Any CPU
		{1A8E92C3-AC29-45C1-8ED5-396906BCA49B}.Release|Any CPU.ActiveCfg = Release|Any CPU
		{1A8E92C3-AC29-45C1-8ED5-396906BCA49B}.Release|Any CPU.Build.0 = Release|Any CPU
		{1A8E92C3-AC29-45C1-8ED5-396906BCA49B}.Release|x86.ActiveCfg = Release|Any CPU
		{1A8E92C3-AC29-45C1-8ED5-396906BCA49B}.Release|x86.Build.0 = Release|Any CPU
		{1A8E92C3-AC29-45C1-8ED5-396906BCA49B}.ToTDRsMe|Any CPU.ActiveCfg = ToTDRsMe|Any CPU
		{1A8E92C3-AC29-45C1-8ED5-396906BCA49B}.ToTDRsMe|Any CPU.Build.0 = ToTDRsMe|Any CPU
		{1A8E92C3-AC29-45C1-8ED5-396906BCA49B}.ToTDRsMe|x86.ActiveCfg = ToTDRsMe|Any CPU
		{1A8E92C3-AC29-45C1-8ED5-396906BCA49B}.ToTDRsMe|x86.Build.0 = ToTDRsMe|Any CPU
		{ED52AC80-5F1B-4585-BEF1-1C0A98052E68}.Debug|Any CPU.ActiveCfg = Debug|Any CPU
		{ED52AC80-5F1B-4585-BEF1-1C0A98052E68}.Debug|Any CPU.Build.0 = Debug|Any CPU
		{ED52AC80-5F1B-4585-BEF1-1C0A98052E68}.Debug|x86.ActiveCfg = Debug|Any CPU
		{ED52AC80-5F1B-4585-BEF1-1C0A98052E68}.Debug|x86.Build.0 = Debug|Any CPU
		{ED52AC80-5F1B-4585-BEF1-1C0A98052E68}.Release|Any CPU.ActiveCfg = Release|Any CPU
		{ED52AC80-5F1B-4585-BEF1-1C0A98052E68}.Release|Any CPU.Build.0 = Release|Any CPU
		{ED52AC80-5F1B-4585-BEF1-1C0A98052E68}.Release|x86.ActiveCfg = Release|Any CPU
		{ED52AC80-5F1B-4585-BEF1-1C0A98052E68}.Release|x86.Build.0 = Release|Any CPU
		{ED52AC80-5F1B-4585-BEF1-1C0A98052E68}.ToTDRsMe|Any CPU.ActiveCfg = ToTDRsMe|Any CPU
		{ED52AC80-5F1B-4585-BEF1-1C0A98052E68}.ToTDRsMe|Any CPU.Build.0 = ToTDRsMe|Any CPU
		{ED52AC80-5F1B-4585-BEF1-1C0A98052E68}.ToTDRsMe|x86.ActiveCfg = ToTDRsMe|Any CPU
		{ED52AC80-5F1B-4585-BEF1-1C0A98052E68}.ToTDRsMe|x86.Build.0 = ToTDRsMe|Any CPU
		{F4247529-5A88-4477-B03A-3B10A111476A}.Debug|Any CPU.ActiveCfg = Debug|Any CPU
		{F4247529-5A88-4477-B03A-3B10A111476A}.Debug|Any CPU.Build.0 = Debug|Any CPU
		{F4247529-5A88-4477-B03A-3B10A111476A}.Debug|x86.ActiveCfg = Debug|Any CPU
		{F4247529-5A88-4477-B03A-3B10A111476A}.Debug|x86.Build.0 = Debug|Any CPU
		{F4247529-5A88-4477-B03A-3B10A111476A}.Release|Any CPU.ActiveCfg = Release|Any CPU
		{F4247529-5A88-4477-B03A-3B10A111476A}.Release|Any CPU.Build.0 = Release|Any CPU
		{F4247529-5A88-4477-B03A-3B10A111476A}.Release|x86.ActiveCfg = Release|Any CPU
		{F4247529-5A88-4477-B03A-3B10A111476A}.Release|x86.Build.0 = Release|Any CPU
		{F4247529-5A88-4477-B03A-3B10A111476A}.ToTDRsMe|Any CPU.ActiveCfg = ToTDRsMe|Any CPU
		{F4247529-5A88-4477-B03A-3B10A111476A}.ToTDRsMe|Any CPU.Build.0 = ToTDRsMe|Any CPU
		{F4247529-5A88-4477-B03A-3B10A111476A}.ToTDRsMe|x86.ActiveCfg = ToTDRsMe|Any CPU
		{F4247529-5A88-4477-B03A-3B10A111476A}.ToTDRsMe|x86.Build.0 = ToTDRsMe|Any CPU
		{75F65761-D08A-4E3F-8E72-CC6056778DAA}.Debug|Any CPU.ActiveCfg = Debug|Any CPU
		{75F65761-D08A-4E3F-8E72-CC6056778DAA}.Debug|Any CPU.Build.0 = Debug|Any CPU
		{75F65761-D08A-4E3F-8E72-CC6056778DAA}.Debug|x86.ActiveCfg = Debug|Any CPU
		{75F65761-D08A-4E3F-8E72-CC6056778DAA}.Debug|x86.Build.0 = Debug|Any CPU
		{75F65761-D08A-4E3F-8E72-CC6056778DAA}.Release|Any CPU.ActiveCfg = Release|Any CPU
		{75F65761-D08A-4E3F-8E72-CC6056778DAA}.Release|Any CPU.Build.0 = Release|Any CPU
		{75F65761-D08A-4E3F-8E72-CC6056778DAA}.Release|x86.ActiveCfg = Release|Any CPU
		{75F65761-D08A-4E3F-8E72-CC6056778DAA}.Release|x86.Build.0 = Release|Any CPU
		{75F65761-D08A-4E3F-8E72-CC6056778DAA}.ToTDRsMe|Any CPU.ActiveCfg = ToTDRsMe|Any CPU
		{75F65761-D08A-4E3F-8E72-CC6056778DAA}.ToTDRsMe|Any CPU.Build.0 = ToTDRsMe|Any CPU
		{75F65761-D08A-4E3F-8E72-CC6056778DAA}.ToTDRsMe|x86.ActiveCfg = ToTDRsMe|Any CPU
		{75F65761-D08A-4E3F-8E72-CC6056778DAA}.ToTDRsMe|x86.Build.0 = ToTDRsMe|Any CPU
		{31C8C0D4-0DA1-48F3-AA55-4BB6E5CB2A1F}.Debug|Any CPU.ActiveCfg = Debug|Any CPU
		{31C8C0D4-0DA1-48F3-AA55-4BB6E5CB2A1F}.Debug|Any CPU.Build.0 = Debug|Any CPU
		{31C8C0D4-0DA1-48F3-AA55-4BB6E5CB2A1F}.Debug|x86.ActiveCfg = Debug|Any CPU
		{31C8C0D4-0DA1-48F3-AA55-4BB6E5CB2A1F}.Debug|x86.Build.0 = Debug|Any CPU
		{31C8C0D4-0DA1-48F3-AA55-4BB6E5CB2A1F}.Release|Any CPU.ActiveCfg = Release|Any CPU
		{31C8C0D4-0DA1-48F3-AA55-4BB6E5CB2A1F}.Release|Any CPU.Build.0 = Release|Any CPU
		{31C8C0D4-0DA1-48F3-AA55-4BB6E5CB2A1F}.Release|x86.ActiveCfg = Release|Any CPU
		{31C8C0D4-0DA1-48F3-AA55-4BB6E5CB2A1F}.Release|x86.Build.0 = Release|Any CPU
		{31C8C0D4-0DA1-48F3-AA55-4BB6E5CB2A1F}.ToTDRsMe|Any CPU.ActiveCfg = Release|Any CPU
		{31C8C0D4-0DA1-48F3-AA55-4BB6E5CB2A1F}.ToTDRsMe|Any CPU.Build.0 = Release|Any CPU
		{31C8C0D4-0DA1-48F3-AA55-4BB6E5CB2A1F}.ToTDRsMe|x86.ActiveCfg = Release|Any CPU
		{31C8C0D4-0DA1-48F3-AA55-4BB6E5CB2A1F}.ToTDRsMe|x86.Build.0 = Release|Any CPU
	EndGlobalSection
	GlobalSection(SolutionProperties) = preSolution
		HideSolutionNode = FALSE
	EndGlobalSection
EndGlobal
